github.com/aliyun/alibabacloud-oss-go-sdk-v2 v1.5.3 h1:mFFeD2k8QE+pYd1uFik2XG85+vilL5uj9P5mHQTM1Xk=
github.com/aliyun/alibabacloud-oss-go-sdk-v2 v1.5.3/go.mod h1:FTzydeQVmR24FI0D6XWUOMKckjXehM/jgMn1xC+DA9M=
github.com/andybalholm/brotli v1.2.2 h1:HzTuoo2ErYQqf5qvcJInB8uvqSVxRttzkFexPWtnceM=
github.com/andybalholm/brotli v1.2.2/go.mod h1:rzTDkvFWvIrjDXZHkuS16NPggd91W3kUSvPlQ1pLaKY=
github.com/apache/arrow-go/v18 v18.7.0 h1:Vw/i+cJyebUofT7JlqFpe65LrmwxULn166jjwStM4HY=
github.com/apache/arrow-go/v18 v18.7.0/go.mod h1:PM6IigLJkdMwIpeHXnymo+xZ52f42a9EYiLtRel4p/A=
github.com/apache/thrift v0.24.0 h1:zy31L1a49QTNB2bG1BBfMXol3yJrTH975G3pPubQVLQ=
github.com/apache/thrift v0.24.0/go.mod h1:zPt6WxgvTOM6hF92y8C+MkEM5LMxZuk4JcQOiU4Esvs=
github.com/aws/aws-sdk-go-v2 v1.43.2 h1:cl+IXwWb3qazClUcm08tGSsB6OiuV83JVJO9B0jQcPc=
github.com/aws/aws-sdk-go-v2 v1.43.2/go.mod h1:WEzLKBh/mEjXvx1FtQMWgSxMSTVqxQzjkRtk5fa3wkg=
github.com/aws/aws-sdk-go-v2/aws/protocol/eventstream v1.7.15 h1:rq/p1VNFfygoKEQ9hHMKsKBE98lspPvT8IxaFs5mFhw=
github.com/aws/aws-sdk-go-v2/aws/protocol/eventstream v1.7.15/go.mod h1:bELIhlPfW8OkpDhP1MvCjHDtvv8NhiBTz+K4o26zrXA=
github.com/aws/aws-sdk-go-v2/internal/configsources v1.4.33 h1:HAp1wLFZzch054uh3FK7rcVYg4v7J2FxVf3h3IGNZas=
github.com/aws/aws-sdk-go-v2/internal/configsources v1.4.33/go.mod h1:mJk5fmqnF+WUlMdPG37pR2Fh3oh6r8F6ZGUgPKvzu0c=
github.com/aws/aws-sdk-go-v2/internal/endpoints/v2 v2.7.33 h1:0YA0aCKgsJyno6xkFfaIgjE3/wK08+Qxo9nQfe1UrWM=
github.com/aws/aws-sdk-go-v2/internal/endpoints/v2 v2.7.33/go.mod h1:UZqj4WIdTH+ga8Y/DgpAuy/8cGjM3h7gDCliJYGg2SE=
github.com/aws/aws-sdk-go-v2/internal/v4a v1.4.34 h1:HQYnjFnXpX8EbPW5M1QT8mXzesRPwly0HEPTcFlS02Y=
github.com/aws/aws-sdk-go-v2/internal/v4a v1.4.34/go.mod h1:tGzj56niKYZBbDIRhwPGDqrULzmWv5b6uBQGqyNaFZw=
github.com/aws/aws-sdk-go-v2/service/internal/accept-encoding v1.13.14 h1:SA43nfaY7+1jjMNIc2ywu99JLJLButtIdLP6j+bT870=
github.com/aws/aws-sdk-go-v2/service/internal/accept-encoding v1.13.14/go.mod h1:Du3llKcwbQvHsTXSLzTOGQz0DTDBMEzdg7DAGu7inrY=
github.com/aws/aws-sdk-go-v2/service/internal/checksum v1.9.26 h1:Eflerh7atY6HN0yz60peNLOkJA2ZKUyYjZexMbqwMCE=
github.com/aws/aws-sdk-go-v2/service/internal/checksum v1.9.26/go.mod h1:dCAXNDmik9NuTjfsvCvW22S6ZFpxmtoliFoQu5XFkh8=
github.com/aws/aws-sdk-go-v2/service/internal/presigned-url v1.13.33 h1:mqI7OrxN/DUH85F5OqVn3cIfuZ3+HVcebUm2N8mLlgQ=
github.com/aws/aws-sdk-go-v2/service/internal/presigned-url v1.13.33/go.mod h1:eZ5jdEpvaaOU8nWWE4cTAJETSEA5FZoWxvNRao4piHY=
github.com/aws/aws-sdk-go-v2/service/internal/s3shared v1.19.34 h1:Lercr2QB2rOrCwyOusmnQ7IiopfkGcZAgMJbjcSdK/s=
github.com/aws/aws-sdk-go-v2/service/internal/s3shared v1.19.34/go.mod h1:W0xXPPCb2HAqa3cp2f/nRvE+jGgBmchiuXrfBRlfb1I=
github.com/aws/aws-sdk-go-v2/service/s3 v1.106.2 h1:lFSYDEyC1JHucMH3fdczMTnDaghqNttyRXKM8JY9EJQ=
github.com/aws/aws-sdk-go-v2/service/s3 v1.106.2/go.mod h1:aw1E7RCjxs5Sd8N6WdICMcMroff12Tzxte+ELXXNqRU=
github.com/aws/smithy-go v1.27.5 h1:d1ro7KpYOYwP6m73YFa+Kc/A130VsAdX68SpsJwARMM=
github.com/aws/smithy-go v1.27.5/go.mod h1:YE2RhdIuDbA5E5bTdciG9KrW3+TiEONeUWCqxX9i1Fc=
github.com/cespare/xxhash/v2 v2.3.0 h1:UL815xU9SqsFlibzuggzjXhog7bL6oX9BbNZnL2UFvs=
github.com/cespare/xxhash/v2 v2.3.0/go.mod h1:VGX0DQ3Q6kWi7AoAeZDth3/j3BFtOZR5XLFGgcrjCOs=
github.com/davecgh/go-spew v1.1.2-0.20180830191138-d8f796af33cc h1:U9qPSI2PIWSS1VwoXQT9A3Wy9MM3WgvqSxFWenqJduM=
github.com/davecgh/go-spew v1.1.2-0.20180830191138-d8f796af33cc/go.mod h1:J7Y8YcW2NihsgmVo/mv3lAwl/skON4iLHjSsI+c5H38=
github.com/go-logr/logr v1.4.3 h1:CjnDlHq8ikf6E492q6eKboGOC0T8CDaOvkHCIg8idEI=
github.com/go-logr/logr v1.4.3/go.mod h1:9T104GzyrTigFIr8wt5mBrctHMim0Nb2HLGrmQ40KvY=
github.com/go-logr/stdr v1.2.2 h1:hSWxHoqTgW2S2qGc0LTAI563KZ5YKYRhT3MFKZMbjag=
github.com/go-logr/stdr v1.2.2/go.mod h1:mMo/vtBO5dYbehREoey6XUKy/eSumjCCveDpRre4VKE=
github.com/goccy/go-json v0.10.6 h1:p8HrPJzOakx/mn/bQtjgNjdTcN+/S6FcG2CTtQOrHVU=
github.com/goccy/go-json v0.10.6/go.mod h1:oq7eo15ShAhp70Anwd5lgX2pLfOS3QCiwU/PULtXL6M=
github.com/google/flatbuffers v25.12.19+incompatible h1:haMV2JRRJCe1998HeW/p0X9UaMTK6SDo0ffLn2+DbLs=
github.com/google/flatbuffers v25.12.19+incompatible/go.mod h1:1AeVuKshWv4vARoZatz6mlQ0JxURH0Kv5+zNeJKJCa8=
github.com/google/go-cmp v0.7.0 h1:wk8382ETsv4JYUZwIsn6YpYiWiBsYLSJiTsyBybVuN8=
github.com/google/go-cmp v0.7.0/go.mod h1:pXiqmnSA92OHEEa9HXL2W4E7lf9JzCmGVUdgjX3N/iU=
github.com/google/uuid v1.6.0 h1:NIvaJDMOsjHA8n1jAhLSgzrAzy1Hgr+hNrb57e+94F0=
github.com/google/uuid v1.6.0/go.mod h1:TIyPZe4MgqvfeYDBFedMoGGpEw/LqOeaOT+nhxU+yHo=
github.com/klauspost/compress v1.19.0 h1:sXLILfc9jV2QYWkzFOPWStmcUVH2RHEB1JCdY2oVvCQ=
github.com/klauspost/compress v1.19.0/go.mod h1:cwPg85FWrGar70rWktvGQj8/hthj3wpl0PGDogxkrSQ=
github.com/klauspost/cpuid/v2 v2.4.0 h1:S6Hrbc7+ywsr0r+RLapfGBHfyefhCTwEh3A0tV913Dw=
github.com/klauspost/cpuid/v2 v2.4.0/go.mod h1:19jmZ9mjzoF//ddRSUsv0zfBTJWh3QJh9FNxZTMrGxU=
github.com/pierrec/lz4/v4 v4.1.27 h1:+PhzhWDrjRj89TH2sw43nE3+4+W8lSxIuQadEHZyjUk=
github.com/pierrec/lz4/v4 v4.1.27/go.mod h1:EoQMVJgeeEOMsCqCzqFm2O0cJvljX2nGZjcRIPL34O4=
github.com/pmezard/go-difflib v1.0.1-0.20181226105442-5d4384ee4fb2 h1:Jamvg5psRIccs7FGNTlIRMkT8wgtp5eCXdBlqhYGL6U=
github.com/pmezard/go-difflib v1.0.1-0.20181226105442-5d4384ee4fb2/go.mod h1:iKH77koFhYxTK1pcRnkKkqfTogsbg7gZNVY4sRDYZ/4=
github.com/stretchr/testify v1.11.1 h1:7s2iGBzp5EwR7/aIZr8ao5+dra3wiQyKjjFuvgVKu7U=
github.com/stretchr/testify v1.11.1/go.mod h1:wZwfW3scLgRK+23gO65QZefKpKQRnfz6sD981Nm4B6U=
github.com/yuin/goldmark v1.8.5 h1:r6N5afV5qj/5S4UTch8agZHJ8UxNCMwX7WjkkJam2NA=
github.com/yuin/goldmark v1.8.5/go.mod h1:ip/1k0VRfGynBgxOz0yCqHrbZXhcjxyuS66Brc7iBKg=
github.com/zeebo/assert v1.3.0 h1:g7C04CbJuIDKNPFHmsk4hwZDO5O+kntRxzaUoNXj+IQ=
github.com/zeebo/assert v1.3.0/go.mod h1:Pq9JiuJQpG8JLJdtkwrJESF0Foym2/D9XMU5ciN/wJ0=
github.com/zeebo/xxh3 v1.1.0 h1:s7DLGDK45Dyfg7++yxI0khrfwq9661w9EN78eP/UZVs=
github.com/zeebo/xxh3 v1.1.0/go.mod h1:IisAie1LELR4xhVinxWS5+zf1lA4p0MW4T+w+W07F5s=
go.opentelemetry.io/auto/sdk v1.2.1 h1:jXsnJ4Lmnqd11kwkBV2LgLoFMZKizbCi5fNZ/ipaZ64=
go.opentelemetry.io/auto/sdk v1.2.1/go.mod h1:KRTj+aOaElaLi+wW1kO/DZRXwkF4C5xPbEe3ZiIhN7Y=
go.opentelemetry.io/otel v1.44.0 h1:JjwHmHpA4iZ3wBxluu2fbbE7j4kqlE8jXyAyPXH7HqU=
go.opentelemetry.io/otel v1.44.0/go.mod h1:BMgjTHL9WPRlRjL2oZCBTL4whCGtXch2H4BhOPIAyYc=
go.opentelemetry.io/otel/metric v1.44.0 h1:1w0gILTcHdr3YI+ixLyjemwrVnsMURbTZFrSYCdDdmc=
go.opentelemetry.io/otel/metric v1.44.0/go.mod h1:8O7hanEPBNgEMmybD3s2VBKcgWOCsA6tzHBPODAiquo=
go.opentelemetry.io/otel/trace v1.44.0 h1:jxF5CsGYCe74MCRx2X4g7WsY/VBKRqqpNvXlX/6gtIk=
go.opentelemetry.io/otel/trace v1.44.0/go.mod h1:oLl1jrMQAVo6v3GAggN+1VH9VIz9iUSvW53sW1Q8PIE=
golang.org/x/exp v0.0.0-20260112195511-716be5621a96 h1:Z/6YuSHTLOHfNFdb8zVZomZr7cqNgTJvA8+Qz75D8gU=
golang.org/x/exp v0.0.0-20260112195511-716be5621a96/go.mod h1:nzimsREAkjBCIEFtHiYkrJyT+2uy9YZJB7H1k68CXZU=
golang.org/x/sys v0.47.0 h1:o7XGOvZQCADBQQ4Y7VNq2dRWQR7JmOUW8Kxx4ZsNgWs=
golang.org/x/sys v0.47.0/go.mod h1:4GL1E5IUh+htKOUEOaiffhrAeqysfVGipDYzABqnCmw=
golang.org/x/time v0.4.0 h1:Z81tqI5ddIoXDPvVQ7/7CC9TnLM7ubaFG2qXYd5BbYY=
golang.org/x/time v0.4.0/go.mod h1:3BpzKBy/shNhVucY/MWOyx10tF3SFh9QdLuxbVysPQM=
gonum.org/v1/gonum v0.17.0 h1:VbpOemQlsSMrYmn7T2OUvQ4dqxQXU+ouZFQsZOx50z4=
gonum.org/v1/gonum v0.17.0/go.mod h1:El3tOrEuMpv2UdMrbNlKEh9vd86bmQ6vqIcDwxEOc1E=
google.golang.org/protobuf v1.36.11 h1:fV6ZwhNocDyBLK0dj+fg8ektcVegBBuEolpbTQyBNVE=
google.golang.org/protobuf v1.36.11/go.mod h1:HTf+CrKn2C3g5S8VImy6tdcUvCska2kB7j23XfzDpco=
gopkg.in/check.v1 v0.0.0-20161208181325-20d25e280405 h1:yhCVgyC4o1eVCa2tZl7eS0r+SDo693bJlVdllGtEeKM=
gopkg.in/check.v1 v0.0.0-20161208181325-20d25e280405/go.mod h1:Co6ibVJAznAaIkqp8huTwlJQCZ016jof/cbN4VW5Yz0=
gopkg.in/yaml.v3 v3.0.1 h1:fxVm/GzAzEWqLHuvctI91KS9hhNmmWOoWu0XTYJS7CA=
gopkg.in/yaml.v3 v3.0.1/go.mod h1:K4uyk7z7BCEPqu6E+C64Yfv1cQ7kz7rIZviUmN+EgEM=
